
Microsoft Visual Studio Solution File, Format Version 12.00
# Visual Studio Version 17
VisualStudioVersion = 17.1.32328.378
MinimumVisualStudioVersion = 10.0.40219.1
Project("{FAE04EC0-301F-11D3-BF4B-00C04F79EFBC}") = "BattleshipGame", "BattleshipGame.csproj", "{F23B1634-B624-4416-9C85-58E55E629996}"
EndProject
Global
	GlobalSection(SolutionConfigurationPlatforms) = preSolution
		Debug|Any CPU = Debug|Any CPU
		Release|Any CPU = Release|Any CPU
	EndGlobalSection
	GlobalSection(ProjectConfigurationPlatforms) = postSolution
		{F23B1634-B624-4416-9C85-58E55E629996}.Debug|Any CPU.ActiveCfg = Debug|Any CPU
		{F23B1634-B624-4416-9C85-58E55E629996}.Debug|Any CPU.Build.0 = Debug|Any CPU
		{F23B1634-B624-4416-9C85-58E55E629996}.Release|Any CPU.ActiveCfg = Release|Any CPU
		{F23B1634-B624-4416-9C85-58E55E629996}.Release|Any CPU.Build.0 = Release|Any CPU
	EndGlobalSection
	GlobalSection(SolutionProperties) = preSolution
		HideSolutionNode = FALSE
	EndGlobalSection
	GlobalSection(ExtensibilityGlobals) = postSolution
		SolutionGuid = {6B543BF4-6CDE-47AB-9D4A-F833DC931D8A}
	EndGlobalSection
EndGlobal
